{
    "_meta": {
        "hash": {
            "sha256": "8f071a736dd46a07d7bb6ef2a05013a9b6b14175b4f39b2a8be221f4e4c93eb7"
        },
        "host-environment-markers": {
            "implementation_name": "cpython",
            "implementation_version": "3.6.6",
            "os_name": "posix",
            "platform_machine": "x86_64",
            "platform_python_implementation": "CPython",
            "platform_release": "18.2.0",
            "platform_system": "Darwin",
            "platform_version": "Darwin Kernel Version 18.2.0: Mon Nov 12 20:24:46 PST 2018; root:xnu-4903.231.4~2/RELEASE_X86_64",
            "python_full_version": "3.6.6",
            "python_version": "3.6",
            "sys_platform": "darwin"
        },
        "pipfile-spec": 6,
        "requires": {},
        "sources": [
            {
                "name": "pypi",
                "url": "https://pypi.python.org/simple",
                "verify_ssl": true
            }
        ]
    },
    "default": {
        "behave": {
            "hashes": [
                "sha256:ebda1a6c9e5bfe95c5f9f0a2794e01c7098b3dde86c10a95d8621c5907ff6f1c",
                "sha256:b9662327aa53294c1351b0a9c369093ccec1d21026f050c3bd9b3e5cccf81a86"
            ],
            "version": "==1.2.6"
        },
        "isort": {
            "hashes": [
                "sha256:ec9ef8f4a9bc6f71eec99e1806bfa2de401650d996c59330782b89a5555c1497",
                "sha256:1153601da39a25b14ddc54955dbbacbb6b2d19135386699e2ad58517953b34af",
                "sha256:b9c40e9750f3d77e6e4d441d8b0266cf555e7cdabdcff33c4fd06366ca761ef8"
            ],
            "version": "==4.3.4"
        },
        "jedi": {
            "hashes": [
                "sha256:5861f6dc0c16e024cbb0044999f9cf8013b292c05f287df06d3d991a87a4eb89",
                "sha256:1972f694c6bc66a2fac8718299e2ab73011d653a6d8059790c3476d2353b99ad"
            ],
            "version": "==0.12.0"
        },
        "parse": {
            "hashes": [
                "sha256:870dd675c1ee8951db3e29b81ebe44fd131e3eb8c03a79483a58ea574f3145c2"
            ],
            "version": "==1.11.1"
        },
        "parse-type": {
            "hashes": [
                "sha256:6e906a66f340252e4c324914a60d417d33a4bea01292ea9bbf68b4fc123be8c9",
                "sha256:f596bdc75d3dd93036fbfe3d04127da9f6df0c26c36e01e76da85adef4336b3c"
            ],
            "version": "==0.4.2"
        },
        "parso": {
            "hashes": [
                "sha256:cdef26e8adc10d589f3ec4eb444bd0a29f3f1eb6d72a4292ab8afcb9d68976a6",
                "sha256:f0604a40b96e062b0fd99cf134cc2d5cdf66939d0902f8267d938b0d5b26707f"
            ],
            "version": "==0.2.1"
        },
        "ptvsd": {
            "hashes": [
                "sha256:f335d719ac5b964041c3fc2ca55b8846e618afab0cdeea41ca42bbde6e340f45",
                "sha256:d2e268b34ecfe9b6c3f9f3290416e0fb37300e070fc8b4661ff9893d2e46e992",
                "sha256:63f6d907c2aaf35fe4f6dd2438fc4f6fe791eae418ed7d34e97c89a23bcd5d5f",
                "sha256:3b88880cd76d86686e69fcdaa2da4293e4439b466a2600cd0772b7c5aed0add3",
                "sha256:af272faef999edbd03d6d3a416262530de781bc6cace6d82f77f0e4047aec983",
                "sha256:2f4b4e2290b70b1cfb3a4cc46eecfbe2b1421f6a50856c6f9e4528fe11b2ba8d",
                "sha256:44390dab8734a9fc2ae2425d6dba00f80a849bd0a66c1b09631fe603d4ccd9b9",
                "sha256:b469d24e3005cf9b0c2867456de125ba870173d54769ccf5cce323510c55dfbc",
                "sha256:82ae1500df37fc655f9ee2191076aee4b2defb973d1ce8587a79032078fc1497",
                "sha256:e739916f802b5f10e89449cb710388dd4a07d16729c42ed012d7f6a21bf7d471",
                "sha256:8eec1bae5a32cb576cf6724ca8b8eeab37d82903657ff03cae7fb14670cf38ae",
                "sha256:4909920b734b47a4427580c7984e3873ecc2f72fc71da078b1ce28a2e321495b",
                "sha256:873a2fcc87f25cb0dca3ff0af627f06e4da4b96c3ca1cdb02282d95e2a564fd7",
                "sha256:a689cd453dbda53f7c2698ff4ef6af567d74a2717dcec4063358bfc77bf46f21",
                "sha256:84ed550b2383b7135b85d19bb2ebe3691bc0ae528779017ff45190ec4ad76ea9",
                "sha256:f3b2701caf17fc74e6a473add3b749745a32377fb70937587c6cd61128a70139",
                "sha256:0805327496efe614774753f82a98301432b70232690a229a05cf0d7fe46eae7a",
                "sha256:e25bdaa05addd8edd4570efe6b98d5903cb4a0fcbf775624792bcf3a2536ae31",
                "sha256:2b1acbe7b57a6b4b06864a4719c3b69954609c33cb259c0c44b818aeab340f6a",
                "sha256:94e982167eef63363b66b46343ece1389245cebdb26e474385bb8af3acac7d93",
                "sha256:28c78560cec17fa8291a6c3ad618be4678c363aff7483f19fdf10215aaa6e0cc",
                "sha256:9ca3a1fa29a9b6d34c9cbd79f7043dd0743166b940033ef6c1ad3bcf57b5ec02",
                "sha256:f982d938add132bd3468565e88cc2b01fc62bfb60eb83ed7b17ea1cc22cfc535",
                "sha256:423270e887fbc3962fa3b8ab45c88148590d010a694fce249e652ee4fe8f8e06",
                "sha256:4ccb23ce84601b6410e0c6b9219229fcf125b47ac55e0fce52ac3a24953e5c52"
            ],
            "version": "==4.2.4"
        },
        "six": {
            "hashes": [
                "sha256:3350809f0555b11f552448330d0b52d5f24c91a322ea4a15ef22629740f3761c",
                "sha256:d16a0141ec1a18405cd4ce8b4613101da75da0e9a7aec5bdd4fa804d0e0eba73"
            ],
            "version": "==1.12.0"
        }
    },
    "develop": {}
}
